PODS:
  - ZoomableScrollView (1.0.0)

DEPENDENCIES:
  - ZoomableScrollView (from `../`)

EXTERNAL SOURCES:
  ZoomableScrollView:
    :path: "../"

SPEC CHECKSUMS:
  ZoomableScrollView: 94514421b407aa4f92ee7019ff98e73216c49d6f

PODFILE CHECKSUM: e70715e8df2d74dc7a4233417c8ebcb6ac9fea3e

COCOAPODS: 1.5.0
